
Microsoft Visual Studio Solution File, Format Version 12.00
# Visual Studio 14
VisualStudioVersion = 14.0.23107.0
MinimumVisualStudioVersion = 10.0.40219.1
Project("{FAE04EC0-301F-11D3-BF4B-00C04F79EFBC}") = "WebApi", "WebApi\WebApi.csproj", "{A469C9A9-CA77-4C7D-A152-6471DB604955}"
EndProject
Global
	GlobalSection(SolutionConfigurationPlatforms) = preSolution
		Debug|Any CPU = Debug|Any CPU
		Release|Any CPU = Release|Any CPU
	EndGlobalSection
	GlobalSection(ProjectConfigurationPlatforms) = postSolution
		{A469C9A9-CA77-4C7D-A152-6471DB604955}.Debug|Any CPU.ActiveCfg = Debug|Any CPU
		{A469C9A9-CA77-4C7D-A152-6471DB604955}.Debug|Any CPU.Build.0 = Debug|Any CPU
		{A469C9A9-CA77-4C7D-A152-6471DB604955}.Release|Any CPU.ActiveCfg = Release|Any CPU
		{A469C9A9-CA77-4C7D-A152-6471DB604955}.Release|Any CPU.Build.0 = Release|Any CPU
	EndGlobalSection
	GlobalSection(SolutionProperties) = preSolution
		HideSolutionNode = FALSE
	EndGlobalSection
EndGlobal
